// !$*UTF8*$!
{
	archiveVersion = 1;
	classes = {
	};
	objectVersion = 50;
	objects = {

/* Begin PBXBuildFile section */
		FE2E2E29216FF039003EE8F2 /* AppDelegate.swift in Sources */ = {isa = PBXBuildFile; fileRef = FE2E2E28216FF039003EE8F2 /* AppDelegate.swift */; };
		FE2E2E2B216FF039003EE8F2 /* ViewController.swift in Sources */ = {isa = PBXBuildFile; fileRef = FE2E2E2A216FF039003EE8F2 /* ViewController.swift */; };
		FE2E2E2E216FF039003EE8F2 /* Main.storyboard in Resources */ = {isa = PBXBuildFile; fileRef = FE2E2E2C216FF039003EE8F2 /* Main.storyboard */; };
		FE2E2E30216FF03A003EE8F2 /* Assets.xcassets in Resources */ = {isa = PBXBuildFile; fileRef = FE2E2E2F216FF03A003EE8F2 /* Assets.xcassets */; };
		FE2E2E33216FF03A003EE8F2 /* LaunchScreen.storyboard in Resources */ = {isa = PBXBuildFile; fileRef = FE2E2E31216FF03A003EE8F2 /* LaunchScreen.storyboard */; };
		FE2E2E3B216FFFEE003EE8F2 /* TableViewController.swift in Sources */ = {isa = PBXBuildFile; fileRef = FE2E2E3A216FFFEE003EE8F2 /* TableViewController.swift */; };
		FE2E2E3E21700138003EE8F2 /* CoreLocation.framework in Frameworks */ = {isa = PBXBuildFile; fileRef = FE2E2E3D21700138003EE8F2 /* CoreLocation.framework */; };
/* End PBXBuildFile section */

/* Begin PBXFileReference section */
		FE2E2E25216FF039003EE8F2 /* Exercise6Team5.app */ = {isa = PBXFileReference; explicitFileType = wrapper.application; includeInIndex = 0; path = Exercise6Team5.app; sourceTree = BUILT_PRODUCTS_DIR; };
		FE2E2E28216FF039003EE8F2 /* AppDelegate.swift */ = {isa = PBXFileReference; lastKnownFileType = sourcecode.swift; path = AppDelegate.swift; sourceTree = "<group>"; };
		FE2E2E2A216FF039003EE8F2 /* ViewController.swift */ = {isa = PBXFileReference; lastKnownFileType = sourcecode.swift; path = ViewController.swift; sourceTree = "<group>"; };
		FE2E2E2D216FF039003EE8F2 /* Base */ = {isa = PBXFileReference; lastKnownFileType = file.storyboard; name = Base; path = Base.lproj/Main.storyboard; sourceTree = "<group>"; };
		FE2E2E2F216FF03A003EE8F2 /* Assets.xcassets */ = {isa = PBXFileReference; lastKnownFileType = folder.assetcatalog; path = Assets.xcassets; sourceTree = "<group>"; };
		FE2E2E32216FF03A003EE8F2 /* Base */ = {isa = PBXFileReference; lastKnownFileType = file.storyboard; name = Base; path = Base.lproj/LaunchScreen.storyboard; sourceTree = "<group>"; };
		FE2E2E34216FF03A003EE8F2 /* Info.plist */ = {isa = PBXFileReference; lastKnownFileType = text.plist.xml; path = Info.plist; sourceTree = "<group>"; };
		FE2E2E3A216FFFEE003EE8F2 /* TableViewController.swift */ = {isa = PBXFileReference; lastKnownFileType = sourcecode.swift; path = TableViewController.swift; sourceTree = "<group>"; };
		FE2E2E3D21700138003EE8F2 /* CoreLocation.framework */ = {isa = PBXFileReference; lastKnownFileType = wrapper.framework; name = CoreLocation.framework; path = System/Library/Frameworks/CoreLocation.framework; sourceTree = SDKROOT; };
/* End PBXFileReference section */

/* Begin PBXFrameworksBuildPhase section */
		FE2E2E22216FF039003EE8F2 /* Frameworks */ = {
			isa = PBXFrameworksBuildPhase;
			buildActionMask = 2147483647;
			files = (
				FE2E2E3E21700138003EE8F2 /* CoreLocation.framework in Frameworks */,
			);
			runOnlyForDeploymentPostprocessing = 0;
		};
/* End PBXFrameworksBuildPhase section */

/* Begin PBXGroup section */
		FE2E2E1C216FF039003EE8F2 = {
			isa = PBXGroup;
			children = (
				FE2E2E27216FF039003EE8F2 /* Exercise6Team5 */,
				FE2E2E26216FF039003EE8F2 /* Products */,
				FE2E2E3C21700138003EE8F2 /* Frameworks */,
			);
			sourceTree = "<group>";
		};
		FE2E2E26216FF039003EE8F2 /* Products */ = {
			isa = PBXGroup;
			children = (
				FE2E2E25216FF039003EE8F2 /* Exercise6Team5.app */,
			);
			name = Products;
			sourceTree = "<group>";
		};
		FE2E2E27216FF039003EE8F2 /* Exercise6Team5 */ = {
			isa = PBXGroup;
			children = (
				FE2E2E28216FF039003EE8F2 /* AppDelegate.swift */,
				FE2E2E2A216FF039003EE8F2 /* ViewController.swift */,
				FE2E2E3A216FFFEE003EE8F2 /* TableViewController.swift */,
				FE2E2E2C216FF039003EE8F2 /* Main.storyboard */,
				FE2E2E2F216FF03A003EE8F2 /* Assets.xcassets */,
				FE2E2E31216FF03A003EE8F2 /* LaunchScreen.storyboard */,
				FE2E2E34216FF03A003EE8F2 /* Info.plist */,
			);
			path = Exercise6Team5;
			sourceTree = "<group>";
		};
		FE2E2E3C21700138003EE8F2 /* Frameworks */ = {
			isa = PBXGroup;
			children = (
				FE2E2E3D21700138003EE8F2 /* CoreLocation.framework */,
			);
			name = Frameworks;
			sourceTree = "<group>";
		};
/* End PBXGroup section */

/* Begin PBXNativeTarget section */
		FE2E2E24216FF039003EE8F2 /* Exercise6Team5 */ = {
			isa = PBXNativeTarget;
			buildConfigurationList = FE2E2E37216FF03A003EE8F2 /* Build configuration list for PBXNativeTarget "Exercise6Team5" */;
			buildPhases = (
				FE2E2E21216FF039003EE8F2 /* Sources */,
				FE2E2E22216FF039003EE8F2 /* Frameworks */,
				FE2E2E23216FF039003EE8F2 /* Resources */,
			);
			buildRules = (
			);
			dependencies = (
			);
			name = Exercise6Team5;
			productName = Exercise6Team5;
			productReference = FE2E2E25216FF039003EE8F2 /* Exercise6Team5.app */;
			productType = "com.apple.product-type.application";
		};
/* End PBXNativeTarget section */

/* Begin PBXProject section */
		FE2E2E1D216FF039003EE8F2 /* Project object */ = {
			isa = PBXProject;
			attributes = {
				LastSwiftUpdateCheck = 0940;
				LastUpgradeCheck = 0940;
				ORGANIZATIONNAME = cpl.ubicomp;
				TargetAttributes = {
					FE2E2E24216FF039003EE8F2 = {
						CreatedOnToolsVersion = 9.4.1;
					};
				};
			};
			buildConfigurationList = FE2E2E20216FF039003EE8F2 /* Build configuration list for PBXProject "Exercise6Team5" */;
			compatibilityVersion = "Xcode 9.3";
			developmentRegion = en;
			hasScannedForEncodings = 0;
			knownRegions = (
				en,
				Base,
			);
			mainGroup = FE2E2E1C216FF039003EE8F2;
			productRefGroup = FE2E2E26216FF039003EE8F2 /* Products */;
			projectDirPath = "";
			projectRoot = "";
			targets = (
				FE2E2E24216FF039003EE8F2 /* Exercise6Team5 */,
			);
		};
/* End PBXProject section */

/* Begin PBXResourcesBuildPhase section */
		FE2E2E23216FF039003EE8F2 /* Resources */ = {
			isa = PBXResourcesBuildPhase;
			buildActionMask = 2147483647;
			files = (
				FE2E2E33216FF03A003EE8F2 /* LaunchScreen.storyboard in Resources */,
				FE2E2E30216FF03A003EE8F2 /* Assets.xcassets in Resources */,
				FE2E2E2E216FF039003EE8F2 /* Main.storyboard in Resources */,
			);
			runOnlyForDeploymentPostprocessing = 0;
		};
/* End PBXResourcesBuildPhase section */

/* Begin PBXSourcesBuildPhase section */
		FE2E2E21216FF039003EE8F2 /* Sources */ = {
			isa = PBXSourcesBuildPhase;
			buildActionMask = 2147483647;
			files = (
				FE2E2E2B216FF039003EE8F2 /* ViewController.swift in Sources */,
				FE2E2E3B216FFFEE003EE8F2 /* TableViewController.swift in Sources */,
				FE2E2E29216FF039003EE8F2 /* AppDelegate.swift in Sources */,
			);
			runOnlyForDeploymentPostprocessing = 0;
		};
/* End PBXSourcesBuildPhase section */

/* Begin PBXVariantGroup section */
		FE2E2E2C216FF039003EE8F2 /* Main.storyboard */ = {
			isa = PBXVariantGroup;
			children = (
				FE2E2E2D216FF039003EE8F2 /* Base */,
			);
			name = Main.storyboard;
			sourceTree = "<group>";
		};
		FE2E2E31216FF03A003EE8F2 /* LaunchScreen.storyboard */ = {
			isa = PBXVariantGroup;
			children = (
				FE2E2E32216FF03A003EE8F2 /* Base */,
			);
			name = LaunchScreen.storyboard;
			sourceTree = "<group>";
		};
/* End PBXVariantGroup section */

/* Begin XCBuildConfiguration section */
		FE2E2E35216FF03A003EE8F2 /* Debug */ = {
			isa = XCBuildConfiguration;
			buildSettings = {
				ALWAYS_SEARCH_USER_PATHS = NO;
				CLANG_ANALYZER_NONNULL = YES;
				CLANG_ANALYZER_NUMBER_OBJECT_CONVERSION = YES_AGGRESSIVE;
				CLANG_CXX_LANGUAGE_STANDARD = "gnu++14";
				CLANG_CXX_LIBRARY = "libc++";
				CLANG_ENABLE_MODULES = YES;
				CLANG_ENABLE_OBJC_ARC = YES;
				CLANG_ENABLE_OBJC_WEAK = YES;
				CLANG_WARN_BLOCK_CAPTURE_AUTORELEASING = YES;
				CLANG_WARN_BOOL_CONVERSION = YES;
				CLANG_WARN_COMMA = YES;
				CLANG_WARN_CONSTANT_CONVERSION = YES;
				CLANG_WARN_DEPRECATED_OBJC_IMPLEMENTATIONS = YES;
				CLANG_WARN_DIRECT_OBJC_ISA_USAGE = YES_ERROR;
				CLANG_WARN_DOCUMENTATION_COMMENTS = YES;
				CLANG_WARN_EMPTY_BODY = YES;
				CLANG_WARN_ENUM_CONVERSION = YES;
				CLANG_WARN_INFINITE_RECURSION = YES;
				CLANG_WARN_INT_CONVERSION = YES;
				CLANG_WARN_NON_LITERAL_NULL_CONVERSION = YES;
				CLANG_WARN_OBJC_IMPLICIT_RETAIN_SELF = YES;
				CLANG_WARN_OBJC_LITERAL_CONVERSION = YES;
				CLANG_WARN_OBJC_ROOT_CLASS = YES_ERROR;
				CLANG_WARN_RANGE_LOOP_ANALYSIS = YES;
				CLANG_WARN_STRICT_PROTOTYPES = YES;
				CLANG_WARN_SUSPICIOUS_MOVE = YES;
				CLANG_WARN_UNGUARDED_AVAILABILITY = YES_AGGRESSIVE;
				CLANG_WARN_UNREACHABLE_CODE = YES;
				CLANG_WARN__DUPLICATE_METHOD_MATCH = YES;
				CODE_SIGN_IDENTITY = "iPhone Developer";
				COPY_PHASE_STRIP = NO;
				DEBUG_INFORMATION_FORMAT = dwarf;
				ENABLE_STRICT_OBJC_MSGSEND = YES;
				ENABLE_TESTABILITY = YES;
				GCC_C_LANGUAGE_STANDARD = gnu11;
				GCC_DYNAMIC_NO_PIC = NO;
				GCC_NO_COMMON_BLOCKS = YES;
				GCC_OPTIMIZATION_LEVEL = 0;
				GCC_PREPROCESSOR_DEFINITIONS = (
					"DEBUG=1",
					"$(inherited)",
				);
				GCC_WARN_64_TO_32_BIT_CONVERSION = YES;
				GCC_WARN_ABOUT_RETURN_TYPE = YES_ERROR;
				GCC_WARN_UNDECLARED_SELECTOR = YES;
				GCC_WARN_UNINITIALIZED_AUTOS = YES_AGGRESSIVE;
				GCC_WARN_UNUSED_FUNCTION = YES;
				GCC_WARN_UNUSED_VARIABLE = YES;
				IPHONEOS_DEPLOYMENT_TARGET = 11.4;
				MTL_ENABLE_DEBUG_INFO = YES;
				ONLY_ACTIVE_ARCH = YES;
				SDKROOT = iphoneos;
				SWIFT_ACTIVE_COMPILATION_CONDITIONS = DEBUG;
				SWIFT_OPTIMIZATION_LEVEL = "-Onone";
			};
			name = Debug;
		};
		FE2E2E36216FF03A003EE8F2 /* Release */ = {
			isa = XCBuildConfiguration;
			buildSettings = {
				ALWAYS_SEARCH_USER_PATHS = NO;
				CLANG_ANALYZER_NONNULL = YES;
				CLANG_ANALYZER_NUMBER_OBJECT_CONVERSION = YES_AGGRESSIVE;
				CLANG_CXX_LANGUAGE_STANDARD = "gnu++14";
				CLANG_CXX_LIBRARY = "libc++";
				CLANG_ENABLE_MODULES = YES;
				CLANG_ENABLE_OBJC_ARC = YES;
				CLANG_ENABLE_OBJC_WEAK = YES;
				CLANG_WARN_BLOCK_CAPTURE_AUTORELEASING = YES;
				CLANG_WARN_BOOL_CONVERSION = YES;
				CLANG_WARN_COMMA = YES;
				CLANG_WARN_CONSTANT_CONVERSION = YES;
				CLANG_WARN_DEPRECATED_OBJC_IMPLEMENTATIONS = YES;
				CLANG_WARN_DIRECT_OBJC_ISA_USAGE = YES_ERROR;
				CLANG_WARN_DOCUMENTATION_COMMENTS = YES;
				CLANG_WARN_EMPTY_BODY = YES;
				CLANG_WARN_ENUM_CONVERSION = YES;
				CLANG_WARN_INFINITE_RECURSION = YES;
				CLANG_WARN_INT_CONVERSION = YES;
				CLANG_WARN_NON_LITERAL_NULL_CONVERSION = YES;
				CLANG_WARN_OBJC_IMPLICIT_RETAIN_SELF = YES;
				CLANG_WARN_OBJC_LITERAL_CONVERSION = YES;
				CLANG_WARN_OBJC_ROOT_CLASS = YES_ERROR;
				CLANG_WARN_RANGE_LOOP_ANALYSIS = YES;
				CLANG_WARN_STRICT_PROTOTYPES = YES;
				CLANG_WARN_SUSPICIOUS_MOVE = YES;
				CLANG_WARN_UNGUARDED_AVAILABILITY = YES_AGGRESSIVE;
				CLANG_WARN_UNREACHABLE_CODE = YES;
				CLANG_WARN__DUPLICATE_METHOD_MATCH = YES;
				CODE_SIGN_IDENTITY = "iPhone Developer";
				COPY_PHASE_STRIP = NO;
				DEBUG_INFORMATION_FORMAT = "dwarf-with-dsym";
				ENABLE_NS_ASSERTIONS = NO;
				ENABLE_STRICT_OBJC_MSGSEND = YES;
				GCC_C_LANGUAGE_STANDARD = gnu11;
				GCC_NO_COMMON_BLOCKS = YES;
				GCC_WARN_64_TO_32_BIT_CONVERSION = YES;
				GCC_WARN_ABOUT_RETURN_TYPE = YES_ERROR;
				GCC_WARN_UNDECLARED_SELECTOR = YES;
				GCC_WARN_UNINITIALIZED_AUTOS = YES_AGGRESSIVE;
				GCC_WARN_UNUSED_FUNCTION = YES;
				GCC_WARN_UNUSED_VARIABLE = YES;
				IPHONEOS_DEPLOYMENT_TARGET = 11.4;
				MTL_ENABLE_DEBUG_INFO = NO;
				SDKROOT = iphoneos;
				SWIFT_COMPILATION_MODE = wholemodule;
				SWIFT_OPTIMIZATION_LEVEL = "-O";
				VALIDATE_PRODUCT = YES;
			};
			name = Release;
		};
		FE2E2E38216FF03A003EE8F2 /* Debug */ = {
			isa = XCBuildConfiguration;
			buildSettings = {
				ASSETCATALOG_COMPILER_APPICON_NAME = AppIcon;
				CODE_SIGN_STYLE = Automatic;
				INFOPLIST_FILE = Exercise6Team5/Info.plist;
				LD_RUNPATH_SEARCH_PATHS = (
					"$(inherited)",
					"@executable_path/Frameworks",
				);
				PRODUCT_BUNDLE_IDENTIFIER = cpl.ubicomp.Exercise6Team5;
				PRODUCT_NAME = "$(TARGET_NAME)";
				SWIFT_VERSION = 4.0;
				TARGETED_DEVICE_FAMILY = "1,2";
			};
			name = Debug;
		};
		FE2E2E39216FF03A003EE8F2 /* Release */ = {
			isa = XCBuildConfiguration;
			buildSettings = {
				ASSETCATALOG_COMPILER_APPICON_NAME = AppIcon;
				CODE_SIGN_STYLE = Automatic;
				INFOPLIST_FILE = Exercise6Team5/Info.plist;
				LD_RUNPATH_SEARCH_PATHS = (
					"$(inherited)",
					"@executable_path/Frameworks",
				);
				PRODUCT_BUNDLE_IDENTIFIER = cpl.ubicomp.Exercise6Team5;
				PRODUCT_NAME = "$(TARGET_NAME)";
				SWIFT_VERSION = 4.0;
				TARGETED_DEVICE_FAMILY = "1,2";
			};
			name = Release;
		};
/* End XCBuildConfiguration section */

/* Begin XCConfigurationList section */
		FE2E2E20216FF039003EE8F2 /* Build configuration list for PBXProject "Exercise6Team5" */ = {
			isa = XCConfigurationList;
			buildConfigurations = (
				FE2E2E35216FF03A003EE8F2 /* Debug */,
				FE2E2E36216FF03A003EE8F2 /* Release */,
			);
			defaultConfigurationIsVisible = 0;
			defaultConfigurationName = Release;
		};
		FE2E2E37216FF03A003EE8F2 /* Build configuration list for PBXNativeTarget "Exercise6Team5" */ = {
			isa = XCConfigurationList;
			buildConfigurations = (
				FE2E2E38216FF03A003EE8F2 /* Debug */,
				FE2E2E39216FF03A003EE8F2 /* Release */,
			);
			defaultConfigurationIsVisible = 0;
			defaultConfigurationName = Release;
		};
/* End XCConfigurationList section */
	};
	rootObject = FE2E2E1D216FF039003EE8F2 /* Project object */;
}
